{
  "name": "isolation_forest",
  "version": "1.0.0",
  "lockfileVersion": 3,
  "requires": true,
  "packages": {
    "": {
      "name": "isolation_forest",
      "version": "1.0.0",
      "license": "ISC",
      "dependencies": {
        "isolation-forest": "^0.0.9",
        "lodash": "^4.17.21",
        "shuffle-seed": "^1.1.6"
      }
    },
    "node_modules/isolation-forest": {
      "version": "0.0.9",
      "resolved": "https://registry.npmjs.org/isolation-forest/-/isolation-forest-0.0.9.tgz",
      "integrity": "sha512-5rxlHv1ZfZdYcmj0D9r/LKNT8aEDojXJOfA7lu8ymw8p/bA46HPkNRz+uaenQLt1HIYf975rkoY9myoCnMvOXQ==",
      "dependencies": {
        "knuth-shuffle": "^1.0.8"
      }
    },
    "node_modules/knuth-shuffle": {
      "version": "1.0.8",
      "resolved": "https://registry.npmjs.org/knuth-shuffle/-/knuth-shuffle-1.0.8.tgz",
      "integrity": "sha512-IdC4Hpp+mx53zTt6VAGsAtbGM0g4BV9fP8tTcviCosSwocHcRDw9uG5Rnv6wLWckF4r72qeXFoK9NkvV1gUJCQ=="
    },
    "node_modules/lodash": {
      "version": "4.17.21",
      "resolved": "https://registry.npmjs.org/lodash/-/lodash-4.17.21.tgz",
      "integrity": "sha512-v2kDEe57lecTulaDIuNTPy3Ry4gLGJ6Z1O3vE1krgXZNrsQ+LFTGHVxVjcXPs17LhbZVGedAJv8XZ1tvj5FvSg=="
    },
    "node_modules/seedrandom": {
      "version": "2.4.4",
      "resolved": "https://registry.npmjs.org/seedrandom/-/seedrandom-2.4.4.tgz",
      "integrity": "sha512-9A+PDmgm+2du77B5i0Ip2cxOqqHjgNxnBgglxLcX78A2D6c2rTo61z4jnVABpF4cKeDMDG+cmXXvdnqse2VqMA=="
    },
    "node_modules/shuffle-seed": {
      "version": "1.1.6",
      "resolved": "https://registry.npmjs.org/shuffle-seed/-/shuffle-seed-1.1.6.tgz",
      "integrity": "sha512-Vr9wlwMKJVUeFNGyc4aNbrzkI568gkve7ykyJ+1/cz78j3yRlJODWU0CuJ/fmk3MCjvAClpnqlycd/Y53UG3UA==",
      "dependencies": {
        "seedrandom": "^2.4.2"
      }
    }
  }
}
